
Microsoft Visual Studio Solution File, Format Version 12.00
# Visual Studio Version 17
VisualStudioVersion = 17.14.36623.8
MinimumVisualStudioVersion = 10.0.40219.1
Project("{FAE04EC0-301F-11D3-BF4B-00C04F79EFBC}") = "At_Csharp", "At_Csharp.csproj", "{6E3CB46E-4C9D-4ED7-B246-EBCF014410F2}"
EndProject
Project("{FAE04EC0-301F-11D3-BF4B-00C04F79EFBC}") = "exc2", "..\exc2\exc2.csproj", "{CDE78DCD-E17C-47F9-865D-F074701832CC}"
EndProject
Project("{FAE04EC0-301F-11D3-BF4B-00C04F79EFBC}") = "ex3", "..\ex3\ex3.csproj", "{59CBDC49-3343-4FF0-9064-6CB5AEF7177F}"
EndProject
Project("{FAE04EC0-301F-11D3-BF4B-00C04F79EFBC}") = "ex4", "..\ex4\ex4.csproj", "{27FC16A5-72B3-4713-A1DF-8056301EF85C}"
EndProject
Project("{FAE04EC0-301F-11D3-BF4B-00C04F79EFBC}") = "exc5", "..\exc5\exc5.csproj", "{3525C77B-02F5-4611-8E49-8398064597BD}"
EndProject
Project("{FAE04EC0-301F-11D3-BF4B-00C04F79EFBC}") = "exc6", "..\exc6\exc6.csproj", "{3F0A1C73-9096-4345-943E-B5C98F434D3D}"
EndProject
Project("{FAE04EC0-301F-11D3-BF4B-00C04F79EFBC}") = "exc7", "..\exc7\exc7.csproj", "{63118A10-5A9B-4F28-AF6D-B5E8E2B404DB}"
EndProject
Project("{FAE04EC0-301F-11D3-BF4B-00C04F79EFBC}") = "exc8", "..\exc8\exc8.csproj", "{FD0A19B2-8606-4FB8-96A3-0778850F8911}"
EndProject
Project("{FAE04EC0-301F-11D3-BF4B-00C04F79EFBC}") = "exc9", "..\exc9\exc9.csproj", "{5A6A3C9A-C848-49BD-9CCD-B18C8050B164}"
EndProject
Project("{FAE04EC0-301F-11D3-BF4B-00C04F79EFBC}") = "exc10", "..\exc10\exc10.csproj", "{2AAAFCD4-6F24-4D97-8553-783D6A3EB4AE}"
EndProject
Project("{FAE04EC0-301F-11D3-BF4B-00C04F79EFBC}") = "exc11", "..\exc11\exc11.csproj", "{5661D16B-AF35-440F-8C3F-7497C688ED42}"
EndProject
Project("{FAE04EC0-301F-11D3-BF4B-00C04F79EFBC}") = "exc12", "..\exc12\exc12.csproj", "{A6D70996-2C36-494C-AC6A-134E6544764A}"
EndProject
Global
	GlobalSection(SolutionConfigurationPlatforms) = preSolution
		Debug|Any CPU = Debug|Any CPU
		Release|Any CPU = Release|Any CPU
	EndGlobalSection
	GlobalSection(ProjectConfigurationPlatforms) = postSolution
		{6E3CB46E-4C9D-4ED7-B246-EBCF014410F2}.Debug|Any CPU.ActiveCfg = Debug|Any CPU
		{6E3CB46E-4C9D-4ED7-B246-EBCF014410F2}.Debug|Any CPU.Build.0 = Debug|Any CPU
		{6E3CB46E-4C9D-4ED7-B246-EBCF014410F2}.Release|Any CPU.ActiveCfg = Release|Any CPU
		{6E3CB46E-4C9D-4ED7-B246-EBCF014410F2}.Release|Any CPU.Build.0 = Release|Any CPU
		{CDE78DCD-E17C-47F9-865D-F074701832CC}.Debug|Any CPU.ActiveCfg = Debug|Any CPU
		{CDE78DCD-E17C-47F9-865D-F074701832CC}.Debug|Any CPU.Build.0 = Debug|Any CPU
		{CDE78DCD-E17C-47F9-865D-F074701832CC}.Release|Any CPU.ActiveCfg = Release|Any CPU
		{CDE78DCD-E17C-47F9-865D-F074701832CC}.Release|Any CPU.Build.0 = Release|Any CPU
		{59CBDC49-3343-4FF0-9064-6CB5AEF7177F}.Debug|Any CPU.ActiveCfg = Debug|Any CPU
		{59CBDC49-3343-4FF0-9064-6CB5AEF7177F}.Debug|Any CPU.Build.0 = Debug|Any CPU
		{59CBDC49-3343-4FF0-9064-6CB5AEF7177F}.Release|Any CPU.ActiveCfg = Release|Any CPU
		{59CBDC49-3343-4FF0-9064-6CB5AEF7177F}.Release|Any CPU.Build.0 = Release|Any CPU
		{27FC16A5-72B3-4713-A1DF-8056301EF85C}.Debug|Any CPU.ActiveCfg = Debug|Any CPU
		{27FC16A5-72B3-4713-A1DF-8056301EF85C}.Debug|Any CPU.Build.0 = Debug|Any CPU
		{27FC16A5-72B3-4713-A1DF-8056301EF85C}.Release|Any CPU.ActiveCfg = Release|Any CPU
		{27FC16A5-72B3-4713-A1DF-8056301EF85C}.Release|Any CPU.Build.0 = Release|Any CPU
		{3525C77B-02F5-4611-8E49-8398064597BD}.Debug|Any CPU.ActiveCfg = Debug|Any CPU
		{3525C77B-02F5-4611-8E49-8398064597BD}.Debug|Any CPU.Build.0 = Debug|Any CPU
		{3525C77B-02F5-4611-8E49-8398064597BD}.Release|Any CPU.ActiveCfg = Release|Any CPU
		{3525C77B-02F5-4611-8E49-8398064597BD}.Release|Any CPU.Build.0 = Release|Any CPU
		{3F0A1C73-9096-4345-943E-B5C98F434D3D}.Debug|Any CPU.ActiveCfg = Debug|Any CPU
		{3F0A1C73-9096-4345-943E-B5C98F434D3D}.Debug|Any CPU.Build.0 = Debug|Any CPU
		{3F0A1C73-9096-4345-943E-B5C98F434D3D}.Release|Any CPU.ActiveCfg = Release|Any CPU
		{3F0A1C73-9096-4345-943E-B5C98F434D3D}.Release|Any CPU.Build.0 = Release|Any CPU
		{63118A10-5A9B-4F28-AF6D-B5E8E2B404DB}.Debug|Any CPU.ActiveCfg = Debug|Any CPU
		{63118A10-5A9B-4F28-AF6D-B5E8E2B404DB}.Debug|Any CPU.Build.0 = Debug|Any CPU
		{63118A10-5A9B-4F28-AF6D-B5E8E2B404DB}.Release|Any CPU.ActiveCfg = Release|Any CPU
		{63118A10-5A9B-4F28-AF6D-B5E8E2B404DB}.Release|Any CPU.Build.0 = Release|Any CPU
		{FD0A19B2-8606-4FB8-96A3-0778850F8911}.Debug|Any CPU.ActiveCfg = Debug|Any CPU
		{FD0A19B2-8606-4FB8-96A3-0778850F8911}.Debug|Any CPU.Build.0 = Debug|Any CPU
		{FD0A19B2-8606-4FB8-96A3-0778850F8911}.Release|Any CPU.ActiveCfg = Release|Any CPU
		{FD0A19B2-8606-4FB8-96A3-0778850F8911}.Release|Any CPU.Build.0 = Release|Any CPU
		{5A6A3C9A-C848-49BD-9CCD-B18C8050B164}.Debug|Any CPU.ActiveCfg = Debug|Any CPU
		{5A6A3C9A-C848-49BD-9CCD-B18C8050B164}.Debug|Any CPU.Build.0 = Debug|Any CPU
		{5A6A3C9A-C848-49BD-9CCD-B18C8050B164}.Release|Any CPU.ActiveCfg = Release|Any CPU
		{5A6A3C9A-C848-49BD-9CCD-B18C8050B164}.Release|Any CPU.Build.0 = Release|Any CPU
		{2AAAFCD4-6F24-4D97-8553-783D6A3EB4AE}.Debug|Any CPU.ActiveCfg = Debug|Any CPU
		{2AAAFCD4-6F24-4D97-8553-783D6A3EB4AE}.Debug|Any CPU.Build.0 = Debug|Any CPU
		{2AAAFCD4-6F24-4D97-8553-783D6A3EB4AE}.Release|Any CPU.ActiveCfg = Release|Any CPU
		{2AAAFCD4-6F24-4D97-8553-783D6A3EB4AE}.Release|Any CPU.Build.0 = Release|Any CPU
		{5661D16B-AF35-440F-8C3F-7497C688ED42}.Debug|Any CPU.ActiveCfg = Debug|Any CPU
		{5661D16B-AF35-440F-8C3F-7497C688ED42}.Debug|Any CPU.Build.0 = Debug|Any CPU
		{5661D16B-AF35-440F-8C3F-7497C688ED42}.Release|Any CPU.ActiveCfg = Release|Any CPU
		{5661D16B-AF35-440F-8C3F-7497C688ED42}.Release|Any CPU.Build.0 = Release|Any CPU
		{A6D70996-2C36-494C-AC6A-134E6544764A}.Debug|Any CPU.ActiveCfg = Debug|Any CPU
		{A6D70996-2C36-494C-AC6A-134E6544764A}.Debug|Any CPU.Build.0 = Debug|Any CPU
		{A6D70996-2C36-494C-AC6A-134E6544764A}.Release|Any CPU.ActiveCfg = Release|Any CPU
		{A6D70996-2C36-494C-AC6A-134E6544764A}.Release|Any CPU.Build.0 = Release|Any CPU
	EndGlobalSection
	GlobalSection(SolutionProperties) = preSolution
		HideSolutionNode = FALSE
	EndGlobalSection
	GlobalSection(ExtensibilityGlobals) = postSolution
		SolutionGuid = {A2F982B4-60A5-4042-BFB5-1589BB121CCE}
	EndGlobalSection
EndGlobal
